// !$*UTF8*$!
{
	archiveVersion = 1;
	classes = {
	};
	objectVersion = 55;
	objects = {

/* Begin PBXBuildFile section */
		AACF7D8A29163EEB005C1E17 /* AppDelegate.swift in Sources */ = {isa = PBXBuildFile; fileRef = AACF7D8929163EEB005C1E17 /* AppDelegate.swift */; };
		AACF7D8C29163EEB005C1E17 /* SceneDelegate.swift in Sources */ = {isa = PBXBuildFile; fileRef = AACF7D8B29163EEB005C1E17 /* SceneDelegate.swift */; };
		AACF7D9129163EEB005C1E17 /* Main.storyboard in Resources */ = {isa = PBXBuildFile; fileRef = AACF7D8F29163EEB005C1E17 /* Main.storyboard */; };
		AACF7D9329163EF0005C1E17 /* Assets.xcassets in Resources */ = {isa = PBXBuildFile; fileRef = AACF7D9229163EF0005C1E17 /* Assets.xcassets */; };
		AACF7D9629163EF0005C1E17 /* LaunchScreen.storyboard in Resources */ = {isa = PBXBuildFile; fileRef = AACF7D9429163EF0005C1E17 /* LaunchScreen.storyboard */; };
		AACF7D9E29164163005C1E17 /* LoginFormController.swift in Sources */ = {isa = PBXBuildFile; fileRef = AACF7D9D29164163005C1E17 /* LoginFormController.swift */; };
		AACF7DA12916555D005C1E17 /* AllCitiesController.swift in Sources */ = {isa = PBXBuildFile; fileRef = AACF7DA02916555D005C1E17 /* AllCitiesController.swift */; };
		AACF7DA329165577005C1E17 /* AllCitiesCell.swift in Sources */ = {isa = PBXBuildFile; fileRef = AACF7DA229165577005C1E17 /* AllCitiesCell.swift */; };
		AACF7DA62916575F005C1E17 /* MyCitiesCell.swift in Sources */ = {isa = PBXBuildFile; fileRef = AACF7DA52916575F005C1E17 /* MyCitiesCell.swift */; };
		AACF7DA829165779005C1E17 /* MyCitiesController.swift in Sources */ = {isa = PBXBuildFile; fileRef = AACF7DA729165779005C1E17 /* MyCitiesController.swift */; };
		AACF7DAB29165B69005C1E17 /* WeatherViewController.swift in Sources */ = {isa = PBXBuildFile; fileRef = AACF7DAA29165B69005C1E17 /* WeatherViewController.swift */; };
		AACF7DAD29165B82005C1E17 /* WeatherCell.swift in Sources */ = {isa = PBXBuildFile; fileRef = AACF7DAC29165B82005C1E17 /* WeatherCell.swift */; };
/* End PBXBuildFile section */

/* Begin PBXFileReference section */
		AACF7D8629163EEB005C1E17 /* Weather2App.app */ = {isa = PBXFileReference; explicitFileType = wrapper.application; includeInIndex = 0; path = Weather2App.app; sourceTree = BUILT_PRODUCTS_DIR; };
		AACF7D8929163EEB005C1E17 /* AppDelegate.swift */ = {isa = PBXFileReference; lastKnownFileType = sourcecode.swift; path = AppDelegate.swift; sourceTree = "<group>"; };
		AACF7D8B29163EEB005C1E17 /* SceneDelegate.swift */ = {isa = PBXFileReference; lastKnownFileType = sourcecode.swift; path = SceneDelegate.swift; sourceTree = "<group>"; };
		AACF7D9029163EEB005C1E17 /* Base */ = {isa = PBXFileReference; lastKnownFileType = file.storyboard; name = Base; path = Base.lproj/Main.storyboard; sourceTree = "<group>"; };
		AACF7D9229163EF0005C1E17 /* Assets.xcassets */ = {isa = PBXFileReference; lastKnownFileType = folder.assetcatalog; path = Assets.xcassets; sourceTree = "<group>"; };
		AACF7D9529163EF0005C1E17 /* Base */ = {isa = PBXFileReference; lastKnownFileType = file.storyboard; name = Base; path = Base.lproj/LaunchScreen.storyboard; sourceTree = "<group>"; };
		AACF7D9729163EF0005C1E17 /* Info.plist */ = {isa = PBXFileReference; lastKnownFileType = text.plist.xml; path = Info.plist; sourceTree = "<group>"; };
		AACF7D9D29164163005C1E17 /* LoginFormController.swift */ = {isa = PBXFileReference; lastKnownFileType = sourcecode.swift; path = LoginFormController.swift; sourceTree = "<group>"; };
		AACF7DA02916555D005C1E17 /* AllCitiesController.swift */ = {isa = PBXFileReference; lastKnownFileType = sourcecode.swift; path = AllCitiesController.swift; sourceTree = "<group>"; };
		AACF7DA229165577005C1E17 /* AllCitiesCell.swift */ = {isa = PBXFileReference; lastKnownFileType = sourcecode.swift; path = AllCitiesCell.swift; sourceTree = "<group>"; };
		AACF7DA52916575F005C1E17 /* MyCitiesCell.swift */ = {isa = PBXFileReference; lastKnownFileType = sourcecode.swift; path = MyCitiesCell.swift; sourceTree = "<group>"; };
		AACF7DA729165779005C1E17 /* MyCitiesController.swift */ = {isa = PBXFileReference; lastKnownFileType = sourcecode.swift; path = MyCitiesController.swift; sourceTree = "<group>"; };
		AACF7DAA29165B69005C1E17 /* WeatherViewController.swift */ = {isa = PBXFileReference; lastKnownFileType = sourcecode.swift; path = WeatherViewController.swift; sourceTree = "<group>"; };
		AACF7DAC29165B82005C1E17 /* WeatherCell.swift */ = {isa = PBXFileReference; lastKnownFileType = sourcecode.swift; path = WeatherCell.swift; sourceTree = "<group>"; };
/* End PBXFileReference section */

/* Begin PBXFrameworksBuildPhase section */
		AACF7D8329163EEB005C1E17 /* Frameworks */ = {
			isa = PBXFrameworksBuildPhase;
			buildActionMask = 2147483647;
			files = (
			);
			runOnlyForDeploymentPostprocessing = 0;
		};
/* End PBXFrameworksBuildPhase section */

/* Begin PBXGroup section */
		AACF7D7D29163EEB005C1E17 = {
			isa = PBXGroup;
			children = (
				AACF7D8829163EEB005C1E17 /* Weather2App */,
				AACF7D8729163EEB005C1E17 /* Products */,
			);
			sourceTree = "<group>";
		};
		AACF7D8729163EEB005C1E17 /* Products */ = {
			isa = PBXGroup;
			children = (
				AACF7D8629163EEB005C1E17 /* Weather2App.app */,
			);
			name = Products;
			sourceTree = "<group>";
		};
		AACF7D8829163EEB005C1E17 /* Weather2App */ = {
			isa = PBXGroup;
			children = (
				AACF7DA929165B4F005C1E17 /* Weather */,
				AACF7DA429165748005C1E17 /* MyCities */,
				AACF7D9F29165527005C1E17 /* AllCities */,
				AACF7D9D29164163005C1E17 /* LoginFormController.swift */,
				AACF7D8929163EEB005C1E17 /* AppDelegate.swift */,
				AACF7D8B29163EEB005C1E17 /* SceneDelegate.swift */,
				AACF7D8F29163EEB005C1E17 /* Main.storyboard */,
				AACF7D9229163EF0005C1E17 /* Assets.xcassets */,
				AACF7D9429163EF0005C1E17 /* LaunchScreen.storyboard */,
				AACF7D9729163EF0005C1E17 /* Info.plist */,
			);
			path = Weather2App;
			sourceTree = "<group>";
		};
		AACF7D9F29165527005C1E17 /* AllCities */ = {
			isa = PBXGroup;
			children = (
				AACF7DA02916555D005C1E17 /* AllCitiesController.swift */,
				AACF7DA229165577005C1E17 /* AllCitiesCell.swift */,
			);
			path = AllCities;
			sourceTree = "<group>";
		};
		AACF7DA429165748005C1E17 /* MyCities */ = {
			isa = PBXGroup;
			children = (
				AACF7DA52916575F005C1E17 /* MyCitiesCell.swift */,
				AACF7DA729165779005C1E17 /* MyCitiesController.swift */,
			);
			path = MyCities;
			sourceTree = "<group>";
		};
		AACF7DA929165B4F005C1E17 /* Weather */ = {
			isa = PBXGroup;
			children = (
				AACF7DAA29165B69005C1E17 /* WeatherViewController.swift */,
				AACF7DAC29165B82005C1E17 /* WeatherCell.swift */,
			);
			path = Weather;
			sourceTree = "<group>";
		};
/* End PBXGroup section */

/* Begin PBXNativeTarget section */
		AACF7D8529163EEB005C1E17 /* Weather2App */ = {
			isa = PBXNativeTarget;
			buildConfigurationList = AACF7D9A29163EF0005C1E17 /* Build configuration list for PBXNativeTarget "Weather2App" */;
			buildPhases = (
				AACF7D8229163EEB005C1E17 /* Sources */,
				AACF7D8329163EEB005C1E17 /* Frameworks */,
				AACF7D8429163EEB005C1E17 /* Resources */,
			);
			buildRules = (
			);
			dependencies = (
			);
			name = Weather2App;
			productName = Weather2App;
			productReference = AACF7D8629163EEB005C1E17 /* Weather2App.app */;
			productType = "com.apple.product-type.application";
		};
/* End PBXNativeTarget section */

/* Begin PBXProject section */
		AACF7D7E29163EEB005C1E17 /* Project object */ = {
			isa = PBXProject;
			attributes = {
				BuildIndependentTargetsInParallel = 1;
				LastSwiftUpdateCheck = 1340;
				LastUpgradeCheck = 1340;
				TargetAttributes = {
					AACF7D8529163EEB005C1E17 = {
						CreatedOnToolsVersion = 13.4.1;
					};
				};
			};
			buildConfigurationList = AACF7D8129163EEB005C1E17 /* Build configuration list for PBXProject "Weather2App" */;
			compatibilityVersion = "Xcode 13.0";
			developmentRegion = en;
			hasScannedForEncodings = 0;
			knownRegions = (
				en,
				Base,
			);
			mainGroup = AACF7D7D29163EEB005C1E17;
			productRefGroup = AACF7D8729163EEB005C1E17 /* Products */;
			projectDirPath = "";
			projectRoot = "";
			targets = (
				AACF7D8529163EEB005C1E17 /* Weather2App */,
			);
		};
/* End PBXProject section */

/* Begin PBXResourcesBuildPhase section */
		AACF7D8429163EEB005C1E17 /* Resources */ = {
			isa = PBXResourcesBuildPhase;
			buildActionMask = 2147483647;
			files = (
				AACF7D9629163EF0005C1E17 /* LaunchScreen.storyboard in Resources */,
				AACF7D9329163EF0005C1E17 /* Assets.xcassets in Resources */,
				AACF7D9129163EEB005C1E17 /* Main.storyboard in Resources */,
			);
			runOnlyForDeploymentPostprocessing = 0;
		};
/* End PBXResourcesBuildPhase section */

/* Begin PBXSourcesBuildPhase section */
		AACF7D8229163EEB005C1E17 /* Sources */ = {
			isa = PBXSourcesBuildPhase;
			buildActionMask = 2147483647;
			files = (
				AACF7DA62916575F005C1E17 /* MyCitiesCell.swift in Sources */,
				AACF7DA829165779005C1E17 /* MyCitiesController.swift in Sources */,
				AACF7DAD29165B82005C1E17 /* WeatherCell.swift in Sources */,
				AACF7D9E29164163005C1E17 /* LoginFormController.swift in Sources */,
				AACF7D8A29163EEB005C1E17 /* AppDelegate.swift in Sources */,
				AACF7DA12916555D005C1E17 /* AllCitiesController.swift in Sources */,
				AACF7DAB29165B69005C1E17 /* WeatherViewController.swift in Sources */,
				AACF7DA329165577005C1E17 /* AllCitiesCell.swift in Sources */,
				AACF7D8C29163EEB005C1E17 /* SceneDelegate.swift in Sources */,
			);
			runOnlyForDeploymentPostprocessing = 0;
		};
/* End PBXSourcesBuildPhase section */

/* Begin PBXVariantGroup section */
		AACF7D8F29163EEB005C1E17 /* Main.storyboard */ = {
			isa = PBXVariantGroup;
			children = (
				AACF7D9029163EEB005C1E17 /* Base */,
			);
			name = Main.storyboard;
			sourceTree = "<group>";
		};
		AACF7D9429163EF0005C1E17 /* LaunchScreen.storyboard */ = {
			isa = PBXVariantGroup;
			children = (
				AACF7D9529163EF0005C1E17 /* Base */,
			);
			name = LaunchScreen.storyboard;
			sourceTree = "<group>";
		};
/* End PBXVariantGroup section */

/* Begin XCBuildConfiguration section */
		AACF7D9829163EF0005C1E17 /* Debug */ = {
			isa = XCBuildConfiguration;
			buildSettings = {
				ALWAYS_SEARCH_USER_PATHS = NO;
				CLANG_ANALYZER_NONNULL = YES;
				CLANG_ANALYZER_NUMBER_OBJECT_CONVERSION = YES_AGGRESSIVE;
				CLANG_CXX_LANGUAGE_STANDARD = "gnu++17";
				CLANG_ENABLE_MODULES = YES;
				CLANG_ENABLE_OBJC_ARC = YES;
				CLANG_ENABLE_OBJC_WEAK = YES;
				CLANG_WARN_BLOCK_CAPTURE_AUTORELEASING = YES;
				CLANG_WARN_BOOL_CONVERSION = YES;
				CLANG_WARN_COMMA = YES;
				CLANG_WARN_CONSTANT_CONVERSION = YES;
				CLANG_WARN_DEPRECATED_OBJC_IMPLEMENTATIONS = YES;
				CLANG_WARN_DIRECT_OBJC_ISA_USAGE = YES_ERROR;
				CLANG_WARN_DOCUMENTATION_COMMENTS = YES;
				CLANG_WARN_EMPTY_BODY = YES;
				CLANG_WARN_ENUM_CONVERSION = YES;
				CLANG_WARN_INFINITE_RECURSION = YES;
				CLANG_WARN_INT_CONVERSION = YES;
				CLANG_WARN_NON_LITERAL_NULL_CONVERSION = YES;
				CLANG_WARN_OBJC_IMPLICIT_RETAIN_SELF = YES;
				CLANG_WARN_OBJC_LITERAL_CONVERSION = YES;
				CLANG_WARN_OBJC_ROOT_CLASS = YES_ERROR;
				CLANG_WARN_QUOTED_INCLUDE_IN_FRAMEWORK_HEADER = YES;
				CLANG_WARN_RANGE_LOOP_ANALYSIS = YES;
				CLANG_WARN_STRICT_PROTOTYPES = YES;
				CLANG_WARN_SUSPICIOUS_MOVE = YES;
				CLANG_WARN_UNGUARDED_AVAILABILITY = YES_AGGRESSIVE;
				CLANG_WARN_UNREACHABLE_CODE = YES;
				CLANG_WARN__DUPLICATE_METHOD_MATCH = YES;
				COPY_PHASE_STRIP = NO;
				DEBUG_INFORMATION_FORMAT = dwarf;
				ENABLE_STRICT_OBJC_MSGSEND = YES;
				ENABLE_TESTABILITY = YES;
				GCC_C_LANGUAGE_STANDARD = gnu11;
				GCC_DYNAMIC_NO_PIC = NO;
				GCC_NO_COMMON_BLOCKS = YES;
				GCC_OPTIMIZATION_LEVEL = 0;
				GCC_PREPROCESSOR_DEFINITIONS = (
					"DEBUG=1",
					"$(inherited)",
				);
				GCC_WARN_64_TO_32_BIT_CONVERSION = YES;
				GCC_WARN_ABOUT_RETURN_TYPE = YES_ERROR;
				GCC_WARN_UNDECLARED_SELECTOR = YES;
				GCC_WARN_UNINITIALIZED_AUTOS = YES_AGGRESSIVE;
				GCC_WARN_UNUSED_FUNCTION = YES;
				GCC_WARN_UNUSED_VARIABLE = YES;
				IPHONEOS_DEPLOYMENT_TARGET = 15.5;
				MTL_ENABLE_DEBUG_INFO = INCLUDE_SOURCE;
				MTL_FAST_MATH = YES;
				ONLY_ACTIVE_ARCH = YES;
				SDKROOT = iphoneos;
				SWIFT_ACTIVE_COMPILATION_CONDITIONS = DEBUG;
				SWIFT_OPTIMIZATION_LEVEL = "-Onone";
			};
			name = Debug;
		};
		AACF7D9929163EF0005C1E17 /* Release */ = {
			isa = XCBuildConfiguration;
			buildSettings = {
				ALWAYS_SEARCH_USER_PATHS = NO;
				CLANG_ANALYZER_NONNULL = YES;
				CLANG_ANALYZER_NUMBER_OBJECT_CONVERSION = YES_AGGRESSIVE;
				CLANG_CXX_LANGUAGE_STANDARD = "gnu++17";
				CLANG_ENABLE_MODULES = YES;
				CLANG_ENABLE_OBJC_ARC = YES;
				CLANG_ENABLE_OBJC_WEAK = YES;
				CLANG_WARN_BLOCK_CAPTURE_AUTORELEASING = YES;
				CLANG_WARN_BOOL_CONVERSION = YES;
				CLANG_WARN_COMMA = YES;
				CLANG_WARN_CONSTANT_CONVERSION = YES;
				CLANG_WARN_DEPRECATED_OBJC_IMPLEMENTATIONS = YES;
				CLANG_WARN_DIRECT_OBJC_ISA_USAGE = YES_ERROR;
				CLANG_WARN_DOCUMENTATION_COMMENTS = YES;
				CLANG_WARN_EMPTY_BODY = YES;
				CLANG_WARN_ENUM_CONVERSION = YES;
				CLANG_WARN_INFINITE_RECURSION = YES;
				CLANG_WARN_INT_CONVERSION = YES;
				CLANG_WARN_NON_LITERAL_NULL_CONVERSION = YES;
				CLANG_WARN_OBJC_IMPLICIT_RETAIN_SELF = YES;
				CLANG_WARN_OBJC_LITERAL_CONVERSION = YES;
				CLANG_WARN_OBJC_ROOT_CLASS = YES_ERROR;
				CLANG_WARN_QUOTED_INCLUDE_IN_FRAMEWORK_HEADER = YES;
				CLANG_WARN_RANGE_LOOP_ANALYSIS = YES;
				CLANG_WARN_STRICT_PROTOTYPES = YES;
				CLANG_WARN_SUSPICIOUS_MOVE = YES;
				CLANG_WARN_UNGUARDED_AVAILABILITY = YES_AGGRESSIVE;
				CLANG_WARN_UNREACHABLE_CODE = YES;
				CLANG_WARN__DUPLICATE_METHOD_MATCH = YES;
				COPY_PHASE_STRIP = NO;
				DEBUG_INFORMATION_FORMAT = "dwarf-with-dsym";
				ENABLE_NS_ASSERTIONS = NO;
				ENABLE_STRICT_OBJC_MSGSEND = YES;
				GCC_C_LANGUAGE_STANDARD = gnu11;
				GCC_NO_COMMON_BLOCKS = YES;
				GCC_WARN_64_TO_32_BIT_CONVERSION = YES;
				GCC_WARN_ABOUT_RETURN_TYPE = YES_ERROR;
				GCC_WARN_UNDECLARED_SELECTOR = YES;
				GCC_WARN_UNINITIALIZED_AUTOS = YES_AGGRESSIVE;
				GCC_WARN_UNUSED_FUNCTION = YES;
				GCC_WARN_UNUSED_VARIABLE = YES;
				IPHONEOS_DEPLOYMENT_TARGET = 15.5;
				MTL_ENABLE_DEBUG_INFO = NO;
				MTL_FAST_MATH = YES;
				SDKROOT = iphoneos;
				SWIFT_COMPILATION_MODE = wholemodule;
				SWIFT_OPTIMIZATION_LEVEL = "-O";
				VALIDATE_PRODUCT = YES;
			};
			name = Release;
		};
		AACF7D9B29163EF0005C1E17 /* Debug */ = {
			isa = XCBuildConfiguration;
			buildSettings = {
				ASSETCATALOG_COMPILER_APPICON_NAME = AppIcon;
				ASSETCATALOG_COMPILER_GLOBAL_ACCENT_COLOR_NAME = AccentColor;
				CODE_SIGN_STYLE = Automatic;
				CURRENT_PROJECT_VERSION = 1;
				DEVELOPMENT_TEAM = VJ39792262;
				GENERATE_INFOPLIST_FILE = YES;
				INFOPLIST_FILE = Weather2App/Info.plist;
				INFOPLIST_KEY_UIApplicationSupportsIndirectInputEvents = YES;
				INFOPLIST_KEY_UILaunchStoryboardName = LaunchScreen;
				INFOPLIST_KEY_UIMainStoryboardFile = Main;
				INFOPLIST_KEY_UISupportedInterfaceOrientations_iPad = "UIInterfaceOrientationPortrait UIInterfaceOrientationPortraitUpsideDown UIInterfaceOrientationLandscapeLeft UIInterfaceOrientationLandscapeRight";
				INFOPLIST_KEY_UISupportedInterfaceOrientations_iPhone = "UIInterfaceOrientationPortrait UIInterfaceOrientationLandscapeLeft UIInterfaceOrientationLandscapeRight";
				LD_RUNPATH_SEARCH_PATHS = (
					"$(inherited)",
					"@executable_path/Frameworks",
				);
				MARKETING_VERSION = 1.0;
				PRODUCT_BUNDLE_IDENTIFIER = solovev93aa.Weather2App;
				PRODUCT_NAME = "$(TARGET_NAME)";
				SWIFT_EMIT_LOC_STRINGS = YES;
				SWIFT_VERSION = 5.0;
				TARGETED_DEVICE_FAMILY = "1,2";
			};
			name = Debug;
		};
		AACF7D9C29163EF0005C1E17 /* Release */ = {
			isa = XCBuildConfiguration;
			buildSettings = {
				ASSETCATALOG_COMPILER_APPICON_NAME = AppIcon;
				ASSETCATALOG_COMPILER_GLOBAL_ACCENT_COLOR_NAME = AccentColor;
				CODE_SIGN_STYLE = Automatic;
				CURRENT_PROJECT_VERSION = 1;
				DEVELOPMENT_TEAM = VJ39792262;
				GENERATE_INFOPLIST_FILE = YES;
				INFOPLIST_FILE = Weather2App/Info.plist;
				INFOPLIST_KEY_UIApplicationSupportsIndirectInputEvents = YES;
				INFOPLIST_KEY_UILaunchStoryboardName = LaunchScreen;
				INFOPLIST_KEY_UIMainStoryboardFile = Main;
				INFOPLIST_KEY_UISupportedInterfaceOrientations_iPad = "UIInterfaceOrientationPortrait UIInterfaceOrientationPortraitUpsideDown UIInterfaceOrientationLandscapeLeft UIInterfaceOrientationLandscapeRight";
				INFOPLIST_KEY_UISupportedInterfaceOrientations_iPhone = "UIInterfaceOrientationPortrait UIInterfaceOrientationLandscapeLeft UIInterfaceOrientationLandscapeRight";
				LD_RUNPATH_SEARCH_PATHS = (
					"$(inherited)",
					"@executable_path/Frameworks",
				);
				MARKETING_VERSION = 1.0;
				PRODUCT_BUNDLE_IDENTIFIER = solovev93aa.Weather2App;
				PRODUCT_NAME = "$(TARGET_NAME)";
				SWIFT_EMIT_LOC_STRINGS = YES;
				SWIFT_VERSION = 5.0;
				TARGETED_DEVICE_FAMILY = "1,2";
			};
			name = Release;
		};
/* End XCBuildConfiguration section */

/* Begin XCConfigurationList section */
		AACF7D8129163EEB005C1E17 /* Build configuration list for PBXProject "Weather2App" */ = {
			isa = XCConfigurationList;
			buildConfigurations = (
				AACF7D9829163EF0005C1E17 /* Debug */,
				AACF7D9929163EF0005C1E17 /* Release */,
			);
			defaultConfigurationIsVisible = 0;
			defaultConfigurationName = Release;
		};
		AACF7D9A29163EF0005C1E17 /* Build configuration list for PBXNativeTarget "Weather2App" */ = {
			isa = XCConfigurationList;
			buildConfigurations = (
				AACF7D9B29163EF0005C1E17 /* Debug */,
				AACF7D9C29163EF0005C1E17 /* Release */,
			);
			defaultConfigurationIsVisible = 0;
			defaultConfigurationName = Release;
		};
/* End XCConfigurationList section */
	};
	rootObject = AACF7D7E29163EEB005C1E17 /* Project object */;
}
